// !$*UTF8*$!
{
	archiveVersion = 1;
	classes = {
	};
	objectVersion = 50;
	objects = {

/* Begin PBXBuildFile section */
		3012950323EC03FC00C552A6 /* Lighting.metal in Sources */ = {isa = PBXBuildFile; fileRef = 3012950223EC03FC00C552A6 /* Lighting.metal */; };
		302EA7C426A001CC00D7DC16 /* Move.metal in Sources */ = {isa = PBXBuildFile; fileRef = 302EA7C326A001CC00D7DC16 /* Move.metal */; };
		303127CF268316C3008474FE /* Grid1.metal in Sources */ = {isa = PBXBuildFile; fileRef = 303127CE268316C3008474FE /* Grid1.metal */; };
		3053F04D26D38B3F0051FF20 /* SnakeRenderRazeware.metal in Sources */ = {isa = PBXBuildFile; fileRef = 3053F04C26D38B3F0051FF20 /* SnakeRenderRazeware.metal */; };
		306D7F3826CFF9F100031F48 /* SnakeRender.metal in Sources */ = {isa = PBXBuildFile; fileRef = 306D7F3726CFF9F100031F48 /* SnakeRender.metal */; };
		30702263269ECC2000ACEA52 /* Fluids.metal in Sources */ = {isa = PBXBuildFile; fileRef = 30702262269ECC2000ACEA52 /* Fluids.metal */; };
		3087792826AC00EC008330CD /* Debug.metal in Sources */ = {isa = PBXBuildFile; fileRef = 3087792726AC00EC008330CD /* Debug.metal */; };
		30A649D624B4A3EA00DCAAFD /* Shadows.metal in Sources */ = {isa = PBXBuildFile; fileRef = 30A649D524B4A3EA00DCAAFD /* Shadows.metal */; };
		30BAE27524B732D600E81C33 /* Airhockey.metal in Sources */ = {isa = PBXBuildFile; fileRef = 30BAE27424B732D600E81C33 /* Airhockey.metal */; };
		30C6C5BC23AA58C500A1197E /* SimpleMapVertex.metal in Sources */ = {isa = PBXBuildFile; fileRef = 30C6C5BB23AA58C500A1197E /* SimpleMapVertex.metal */; };
		30C8582326A8035B00073F21 /* Advection.metal in Sources */ = {isa = PBXBuildFile; fileRef = 30C8582226A8035B00073F21 /* Advection.metal */; };
		30CC0D3026C104A200B78AD2 /* Snake.metal in Sources */ = {isa = PBXBuildFile; fileRef = 30CC0D2F26C104A200B78AD2 /* Snake.metal */; };
		30E54D0123A2627C00BDE3BD /* Shaders.metal in Sources */ = {isa = PBXBuildFile; fileRef = 30E54D0023A2627C00BDE3BD /* Shaders.metal */; };
		30E54D0823A262A600BDE3BD /* Kernel.metal in Sources */ = {isa = PBXBuildFile; fileRef = 30E54D0723A262A600BDE3BD /* Kernel.metal */; };
		30F6B68F26079B10000A0B41 /* Simple.metal in Sources */ = {isa = PBXBuildFile; fileRef = 30F6B68E26079B10000A0B41 /* Simple.metal */; };
/* End PBXBuildFile section */

/* Begin PBXFileReference section */
		3012950223EC03FC00C552A6 /* Lighting.metal */ = {isa = PBXFileReference; fileEncoding = 4; lastKnownFileType = sourcecode.metal; path = Lighting.metal; sourceTree = "<group>"; };
		302EA7C326A001CC00D7DC16 /* Move.metal */ = {isa = PBXFileReference; fileEncoding = 4; lastKnownFileType = sourcecode.metal; path = Move.metal; sourceTree = "<group>"; };
		303127CE268316C3008474FE /* Grid1.metal */ = {isa = PBXFileReference; fileEncoding = 4; lastKnownFileType = sourcecode.metal; path = Grid1.metal; sourceTree = "<group>"; };
		3053F04C26D38B3F0051FF20 /* SnakeRenderRazeware.metal */ = {isa = PBXFileReference; fileEncoding = 4; lastKnownFileType = sourcecode.metal; path = SnakeRenderRazeware.metal; sourceTree = "<group>"; };
		306D7F3726CFF9F100031F48 /* SnakeRender.metal */ = {isa = PBXFileReference; fileEncoding = 4; lastKnownFileType = sourcecode.metal; path = SnakeRender.metal; sourceTree = "<group>"; };
		30702262269ECC2000ACEA52 /* Fluids.metal */ = {isa = PBXFileReference; fileEncoding = 4; lastKnownFileType = sourcecode.metal; path = Fluids.metal; sourceTree = "<group>"; };
		3087792726AC00EC008330CD /* Debug.metal */ = {isa = PBXFileReference; fileEncoding = 4; lastKnownFileType = sourcecode.metal; path = Debug.metal; sourceTree = "<group>"; };
		30A649D524B4A3EA00DCAAFD /* Shadows.metal */ = {isa = PBXFileReference; fileEncoding = 4; lastKnownFileType = sourcecode.metal; path = Shadows.metal; sourceTree = "<group>"; };
		30BAE27424B732D600E81C33 /* Airhockey.metal */ = {isa = PBXFileReference; fileEncoding = 4; lastKnownFileType = sourcecode.metal; path = Airhockey.metal; sourceTree = "<group>"; };
		30C6C5BB23AA58C500A1197E /* SimpleMapVertex.metal */ = {isa = PBXFileReference; fileEncoding = 4; lastKnownFileType = sourcecode.metal; path = SimpleMapVertex.metal; sourceTree = "<group>"; };
		30C8582226A8035B00073F21 /* Advection.metal */ = {isa = PBXFileReference; fileEncoding = 4; lastKnownFileType = sourcecode.metal; path = Advection.metal; sourceTree = "<group>"; };
		30CC0D2F26C104A200B78AD2 /* Snake.metal */ = {isa = PBXFileReference; fileEncoding = 4; lastKnownFileType = sourcecode.metal; path = Snake.metal; sourceTree = "<group>"; };
		30E54D0023A2627C00BDE3BD /* Shaders.metal */ = {isa = PBXFileReference; lastKnownFileType = sourcecode.metal; path = Shaders.metal; sourceTree = "<group>"; };
		30E54D0723A262A600BDE3BD /* Kernel.metal */ = {isa = PBXFileReference; fileEncoding = 4; lastKnownFileType = sourcecode.metal; path = Kernel.metal; sourceTree = "<group>"; };
		30F6B68E26079B10000A0B41 /* Simple.metal */ = {isa = PBXFileReference; fileEncoding = 4; lastKnownFileType = sourcecode.metal; path = Simple.metal; sourceTree = "<group>"; };
/* End PBXFileReference section */

/* Begin PBXGroup section */
		30E54CF823A2627C00BDE3BD = {
			isa = PBXGroup;
			children = (
				30E54CFF23A2627C00BDE3BD /* Shaders */,
			);
			sourceTree = "<group>";
		};
		30E54CFF23A2627C00BDE3BD /* Shaders */ = {
			isa = PBXGroup;
			children = (
				3053F04C26D38B3F0051FF20 /* SnakeRenderRazeware.metal */,
				306D7F3726CFF9F100031F48 /* SnakeRender.metal */,
				30CC0D2F26C104A200B78AD2 /* Snake.metal */,
				3087792726AC00EC008330CD /* Debug.metal */,
				30C8582226A8035B00073F21 /* Advection.metal */,
				302EA7C326A001CC00D7DC16 /* Move.metal */,
				30702262269ECC2000ACEA52 /* Fluids.metal */,
				303127CE268316C3008474FE /* Grid1.metal */,
				30F6B68E26079B10000A0B41 /* Simple.metal */,
				30BAE27424B732D600E81C33 /* Airhockey.metal */,
				30A649D524B4A3EA00DCAAFD /* Shadows.metal */,
				3012950223EC03FC00C552A6 /* Lighting.metal */,
				30C6C5BB23AA58C500A1197E /* SimpleMapVertex.metal */,
				30E54D0023A2627C00BDE3BD /* Shaders.metal */,
				30E54D0723A262A600BDE3BD /* Kernel.metal */,
			);
			path = Shaders;
			sourceTree = "<group>";
		};
/* End PBXGroup section */

/* Begin PBXNativeTarget section */
		30E54CFE23A2627C00BDE3BD /* Shaders */ = {
			isa = PBXNativeTarget;
			buildConfigurationList = 30E54D0423A2627C00BDE3BD /* Build configuration list for PBXNativeTarget "Shaders" */;
			buildPhases = (
				30E54CFD23A2627C00BDE3BD /* Sources */,
			);
			buildRules = (
			);
			dependencies = (
			);
			name = Shaders;
			productName = Shaders;
			productType = "com.apple.product-type.metal-library";
		};
/* End PBXNativeTarget section */

/* Begin PBXProject section */
		30E54CF923A2627C00BDE3BD /* Project object */ = {
			isa = PBXProject;
			attributes = {
				LastUpgradeCheck = 1110;
				ORGANIZATIONNAME = oktet;
				TargetAttributes = {
					30E54CFE23A2627C00BDE3BD = {
						CreatedOnToolsVersion = 11.1;
					};
				};
			};
			buildConfigurationList = 30E54CFC23A2627C00BDE3BD /* Build configuration list for PBXProject "Shaders" */;
			compatibilityVersion = "Xcode 9.3";
			developmentRegion = en;
			hasScannedForEncodings = 0;
			knownRegions = (
				en,
				Base,
			);
			mainGroup = 30E54CF823A2627C00BDE3BD;
			projectDirPath = "";
			projectRoot = "";
			targets = (
				30E54CFE23A2627C00BDE3BD /* Shaders */,
			);
		};
/* End PBXProject section */

/* Begin PBXSourcesBuildPhase section */
		30E54CFD23A2627C00BDE3BD /* Sources */ = {
			isa = PBXSourcesBuildPhase;
			buildActionMask = 2147483647;
			files = (
				306D7F3826CFF9F100031F48 /* SnakeRender.metal in Sources */,
				302EA7C426A001CC00D7DC16 /* Move.metal in Sources */,
				30CC0D3026C104A200B78AD2 /* Snake.metal in Sources */,
				30E54D0823A262A600BDE3BD /* Kernel.metal in Sources */,
				3012950323EC03FC00C552A6 /* Lighting.metal in Sources */,
				30C6C5BC23AA58C500A1197E /* SimpleMapVertex.metal in Sources */,
				303127CF268316C3008474FE /* Grid1.metal in Sources */,
				30E54D0123A2627C00BDE3BD /* Shaders.metal in Sources */,
				30702263269ECC2000ACEA52 /* Fluids.metal in Sources */,
				3087792826AC00EC008330CD /* Debug.metal in Sources */,
				3053F04D26D38B3F0051FF20 /* SnakeRenderRazeware.metal in Sources */,
				30F6B68F26079B10000A0B41 /* Simple.metal in Sources */,
				30A649D624B4A3EA00DCAAFD /* Shadows.metal in Sources */,
				30BAE27524B732D600E81C33 /* Airhockey.metal in Sources */,
				30C8582326A8035B00073F21 /* Advection.metal in Sources */,
			);
			runOnlyForDeploymentPostprocessing = 0;
		};
/* End PBXSourcesBuildPhase section */

/* Begin XCBuildConfiguration section */
		30E54D0223A2627C00BDE3BD /* Debug */ = {
			isa = XCBuildConfiguration;
			buildSettings = {
				ALWAYS_SEARCH_USER_PATHS = NO;
				MACOSX_DEPLOYMENT_TARGET = 10.15;
				MTL_ENABLE_DEBUG_INFO = INCLUDE_SOURCE;
				MTL_FAST_MATH = YES;
				SDKROOT = macosx;
			};
			name = Debug;
		};
		30E54D0323A2627C00BDE3BD /* Release */ = {
			isa = XCBuildConfiguration;
			buildSettings = {
				ALWAYS_SEARCH_USER_PATHS = NO;
				MACOSX_DEPLOYMENT_TARGET = 10.15;
				MTL_ENABLE_DEBUG_INFO = NO;
				MTL_FAST_MATH = YES;
				SDKROOT = macosx;
			};
			name = Release;
		};
		30E54D0523A2627C00BDE3BD /* Debug */ = {
			isa = XCBuildConfiguration;
			buildSettings = {
				CODE_SIGN_STYLE = Automatic;
				DEVELOPMENT_TEAM = UA77NU6ZSR;
				PRODUCT_NAME = "$(TARGET_NAME)";
			};
			name = Debug;
		};
		30E54D0623A2627C00BDE3BD /* Release */ = {
			isa = XCBuildConfiguration;
			buildSettings = {
				CODE_SIGN_STYLE = Automatic;
				DEVELOPMENT_TEAM = UA77NU6ZSR;
				PRODUCT_NAME = "$(TARGET_NAME)";
			};
			name = Release;
		};
/* End XCBuildConfiguration section */

/* Begin XCConfigurationList section */
		30E54CFC23A2627C00BDE3BD /* Build configuration list for PBXProject "Shaders" */ = {
			isa = XCConfigurationList;
			buildConfigurations = (
				30E54D0223A2627C00BDE3BD /* Debug */,
				30E54D0323A2627C00BDE3BD /* Release */,
			);
			defaultConfigurationIsVisible = 0;
			defaultConfigurationName = Release;
		};
		30E54D0423A2627C00BDE3BD /* Build configuration list for PBXNativeTarget "Shaders" */ = {
			isa = XCConfigurationList;
			buildConfigurations = (
				30E54D0523A2627C00BDE3BD /* Debug */,
				30E54D0623A2627C00BDE3BD /* Release */,
			);
			defaultConfigurationIsVisible = 0;
			defaultConfigurationName = Release;
		};
/* End XCConfigurationList section */
	};
	rootObject = 30E54CF923A2627C00BDE3BD /* Project object */;
}
